PODS:
  - Kanna (5.0.0)
  - RxRelay (5.0.0):
    - RxSwift (~> 5)
  - RxSwift (5.0.0)

DEPENDENCIES:
  - Kanna (~> 5.0.0)
  - RxRelay (~> 5)
  - RxSwift (~> 5)

SPEC REPOS:
  https://github.com/cocoapods/specs.git:
    - Kanna
    - RxRelay
    - RxSwift

SPEC CHECKSUMS:
  Kanna: a32875df62975f8f4b871e933b4ea1a5c3b8be0f
  RxRelay: 4f7409406a51a55cd88483f21ed898c234d60f18
  RxSwift: 8b0671caa829a763bbce7271095859121cbd895f

PODFILE CHECKSUM: 46c580f2ef2ebd3a36c9e690eca1cfe6986d5773

COCOAPODS: 1.7.5
