// !$*UTF8*$!
{
	archiveVersion = 1;
	classes = {
	};
	objectVersion = 51;
	objects = {

/* Begin PBXBuildFile section */
		240E8F853B84065B98C971C3 /* Pods_RacingImageViewer.framework in Frameworks */ = {isa = PBXBuildFile; fileRef = 0BAF7A47C003F64AC8CA24B4 /* Pods_RacingImageViewer.framework */; };
		FF14309F233D7EC900226963 /* DataCache.swift in Sources */ = {isa = PBXBuildFile; fileRef = FF14309E233D7EC900226963 /* DataCache.swift */; };
		FF1430A4233DC42600226963 /* SingleImageTableViewDelegate.swift in Sources */ = {isa = PBXBuildFile; fileRef = FF1430A3233DC42600226963 /* SingleImageTableViewDelegate.swift */; };
		FF1430A6233DC6CC00226963 /* NetworkSequenceViewModel.swift in Sources */ = {isa = PBXBuildFile; fileRef = FF1430A5233DC6CC00226963 /* NetworkSequenceViewModel.swift */; };
		FF1430A8233DCA7E00226963 /* SingleImageTableViewDatasource.swift in Sources */ = {isa = PBXBuildFile; fileRef = FF1430A7233DCA7E00226963 /* SingleImageTableViewDatasource.swift */; };
		FF1430AA233DCBB400226963 /* SingleImageTableViewDatasourcePrefetcing.swift in Sources */ = {isa = PBXBuildFile; fileRef = FF1430A9233DCBB400226963 /* SingleImageTableViewDatasourcePrefetcing.swift */; };
		FF1430AC233DEE7D00226963 /* ScrapCommandType.swift in Sources */ = {isa = PBXBuildFile; fileRef = FF1430AB233DEE7D00226963 /* ScrapCommandType.swift */; };
		FF1430B0233DEFC700226963 /* SequenceDataCommand.swift in Sources */ = {isa = PBXBuildFile; fileRef = FF1430AF233DEFC700226963 /* SequenceDataCommand.swift */; };
		FF1430B3233DF25D00226963 /* GIGCollectionScrapingCommand.swift in Sources */ = {isa = PBXBuildFile; fileRef = FF1430B2233DF25D00226963 /* GIGCollectionScrapingCommand.swift */; };
		FF5992792343225900526339 /* VO.swift in Sources */ = {isa = PBXBuildFile; fileRef = FF5992782343225900526339 /* VO.swift */; };
		FF94DE56233AF7200045E010 /* AppDelegate.swift in Sources */ = {isa = PBXBuildFile; fileRef = FF94DE55233AF7200045E010 /* AppDelegate.swift */; };
		FF94DE5A233AF7200045E010 /* SingleImageTableView.swift in Sources */ = {isa = PBXBuildFile; fileRef = FF94DE59233AF7200045E010 /* SingleImageTableView.swift */; };
		FF94DE5D233AF7200045E010 /* Main.storyboard in Resources */ = {isa = PBXBuildFile; fileRef = FF94DE5B233AF7200045E010 /* Main.storyboard */; };
		FF94DE5F233AF7240045E010 /* Assets.xcassets in Resources */ = {isa = PBXBuildFile; fileRef = FF94DE5E233AF7240045E010 /* Assets.xcassets */; };
		FF94DE62233AF7240045E010 /* LaunchScreen.storyboard in Resources */ = {isa = PBXBuildFile; fileRef = FF94DE60233AF7240045E010 /* LaunchScreen.storyboard */; };
		FFAC5F99233C3FC3001D4B62 /* ImageTableViewCell.swift in Sources */ = {isa = PBXBuildFile; fileRef = FFAC5F98233C3FC3001D4B62 /* ImageTableViewCell.swift */; };
		FFAC5F9C233C415E001D4B62 /* Scraper.swift in Sources */ = {isa = PBXBuildFile; fileRef = FFAC5F9B233C415E001D4B62 /* Scraper.swift */; };
		FFAC5F9E233C5D21001D4B62 /* ImageVO.swift in Sources */ = {isa = PBXBuildFile; fileRef = FFAC5F9D233C5D21001D4B62 /* ImageVO.swift */; };
		FFAC5FA2233C618D001D4B62 /* ScrapListViewModel.swift in Sources */ = {isa = PBXBuildFile; fileRef = FFAC5FA1233C618D001D4B62 /* ScrapListViewModel.swift */; };
		FFAC5FA4233C9059001D4B62 /* ScraperType.swift in Sources */ = {isa = PBXBuildFile; fileRef = FFAC5FA3233C9059001D4B62 /* ScraperType.swift */; };
		FFAC5FA6233CA997001D4B62 /* SequenceDataViewModelType.swift in Sources */ = {isa = PBXBuildFile; fileRef = FFAC5FA5233CA997001D4B62 /* SequenceDataViewModelType.swift */; };
		FFAD925C234196AE006E7C61 /* NetworkStatusViewModelType.swift in Sources */ = {isa = PBXBuildFile; fileRef = FFAD925B234196AE006E7C61 /* NetworkStatusViewModelType.swift */; };
		FFAD926023419AA7006E7C61 /* UIAlertController+Extension.swift in Sources */ = {isa = PBXBuildFile; fileRef = FFAD925F23419AA7006E7C61 /* UIAlertController+Extension.swift */; };
		FFC7597C23456D6B00A4495F /* LoaderType.swift in Sources */ = {isa = PBXBuildFile; fileRef = FFC7597B23456D6B00A4495F /* LoaderType.swift */; };
		FFC759802345711500A4495F /* LoadCommandType.swift in Sources */ = {isa = PBXBuildFile; fileRef = FFC7597F2345711500A4495F /* LoadCommandType.swift */; };
		FFC759822345734200A4495F /* DataVO.swift in Sources */ = {isa = PBXBuildFile; fileRef = FFC759812345734200A4495F /* DataVO.swift */; };
		FFC75984234573A000A4495F /* SingleDataCommand.swift in Sources */ = {isa = PBXBuildFile; fileRef = FFC759832345739F00A4495F /* SingleDataCommand.swift */; };
		FFC75986234574B600A4495F /* Loader.swift in Sources */ = {isa = PBXBuildFile; fileRef = FFC75985234574B600A4495F /* Loader.swift */; };
		FFC7598A2345765200A4495F /* ImageDataLoadCommand.swift in Sources */ = {isa = PBXBuildFile; fileRef = FFC759892345765200A4495F /* ImageDataLoadCommand.swift */; };
		FFC7598C234579A300A4495F /* CachedLoader.swift in Sources */ = {isa = PBXBuildFile; fileRef = FFC7598B234579A300A4495F /* CachedLoader.swift */; };
		FFC7598E234579DB00A4495F /* LoaderCache.swift in Sources */ = {isa = PBXBuildFile; fileRef = FFC7598D234579DB00A4495F /* LoaderCache.swift */; };
		FFC759922345800A00A4495F /* SingleDataViewModelType.swift in Sources */ = {isa = PBXBuildFile; fileRef = FFC759912345800A00A4495F /* SingleDataViewModelType.swift */; };
		FFC759962345811800A4495F /* NetworkSingleDataViewModel.swift in Sources */ = {isa = PBXBuildFile; fileRef = FFC759952345811800A4495F /* NetworkSingleDataViewModel.swift */; };
		FFD5086F234209B50048C804 /* README.md in Resources */ = {isa = PBXBuildFile; fileRef = FFD5086E234209B50048C804 /* README.md */; };
		FFEF8F43234641CC00A0B79F /* LoadDataViewModel.swift in Sources */ = {isa = PBXBuildFile; fileRef = FFEF8F42234641CC00A0B79F /* LoadDataViewModel.swift */; };
		FFEF8F452346DCB800A0B79F /* DataWrapper.swift in Sources */ = {isa = PBXBuildFile; fileRef = FFEF8F442346DCB800A0B79F /* DataWrapper.swift */; };
/* End PBXBuildFile section */

/* Begin PBXFileReference section */
		0BAF7A47C003F64AC8CA24B4 /* Pods_RacingImageViewer.framework */ = {isa = PBXFileReference; explicitFileType = wrapper.framework; includeInIndex = 0; path = Pods_RacingImageViewer.framework; sourceTree = BUILT_PRODUCTS_DIR; };
		49DDBA2194B4685A53D2E52E /* Pods-RacingImageViewer.release.xcconfig */ = {isa = PBXFileReference; includeInIndex = 1; lastKnownFileType = text.xcconfig; name = "Pods-RacingImageViewer.release.xcconfig"; path = "Target Support Files/Pods-RacingImageViewer/Pods-RacingImageViewer.release.xcconfig"; sourceTree = "<group>"; };
		FA6895B243F62691A7B90D1D /* Pods-RacingImageViewer.debug.xcconfig */ = {isa = PBXFileReference; includeInIndex = 1; lastKnownFileType = text.xcconfig; name = "Pods-RacingImageViewer.debug.xcconfig"; path = "Target Support Files/Pods-RacingImageViewer/Pods-RacingImageViewer.debug.xcconfig"; sourceTree = "<group>"; };
		FF14309E233D7EC900226963 /* DataCache.swift */ = {isa = PBXFileReference; lastKnownFileType = sourcecode.swift; path = DataCache.swift; sourceTree = "<group>"; };
		FF1430A3233DC42600226963 /* SingleImageTableViewDelegate.swift */ = {isa = PBXFileReference; lastKnownFileType = sourcecode.swift; path = SingleImageTableViewDelegate.swift; sourceTree = "<group>"; };
		FF1430A5233DC6CC00226963 /* NetworkSequenceViewModel.swift */ = {isa = PBXFileReference; lastKnownFileType = sourcecode.swift; path = NetworkSequenceViewModel.swift; sourceTree = "<group>"; };
		FF1430A7233DCA7E00226963 /* SingleImageTableViewDatasource.swift */ = {isa = PBXFileReference; lastKnownFileType = sourcecode.swift; path = SingleImageTableViewDatasource.swift; sourceTree = "<group>"; };
		FF1430A9233DCBB400226963 /* SingleImageTableViewDatasourcePrefetcing.swift */ = {isa = PBXFileReference; lastKnownFileType = sourcecode.swift; path = SingleImageTableViewDatasourcePrefetcing.swift; sourceTree = "<group>"; };
		FF1430AB233DEE7D00226963 /* ScrapCommandType.swift */ = {isa = PBXFileReference; lastKnownFileType = sourcecode.swift; path = ScrapCommandType.swift; sourceTree = "<group>"; };
		FF1430AF233DEFC700226963 /* SequenceDataCommand.swift */ = {isa = PBXFileReference; lastKnownFileType = sourcecode.swift; path = SequenceDataCommand.swift; sourceTree = "<group>"; };
		FF1430B2233DF25D00226963 /* GIGCollectionScrapingCommand.swift */ = {isa = PBXFileReference; lastKnownFileType = sourcecode.swift; path = GIGCollectionScrapingCommand.swift; sourceTree = "<group>"; };
		FF5992782343225900526339 /* VO.swift */ = {isa = PBXFileReference; lastKnownFileType = sourcecode.swift; path = VO.swift; sourceTree = "<group>"; };
		FF94DE52233AF7200045E010 /* RacingImageViewer.app */ = {isa = PBXFileReference; explicitFileType = wrapper.application; includeInIndex = 0; path = RacingImageViewer.app; sourceTree = BUILT_PRODUCTS_DIR; };
		FF94DE55233AF7200045E010 /* AppDelegate.swift */ = {isa = PBXFileReference; lastKnownFileType = sourcecode.swift; path = AppDelegate.swift; sourceTree = "<group>"; };
		FF94DE59233AF7200045E010 /* SingleImageTableView.swift */ = {isa = PBXFileReference; lastKnownFileType = sourcecode.swift; path = SingleImageTableView.swift; sourceTree = "<group>"; };
		FF94DE5C233AF7200045E010 /* Base */ = {isa = PBXFileReference; lastKnownFileType = file.storyboard; name = Base; path = Base.lproj/Main.storyboard; sourceTree = "<group>"; };
		FF94DE5E233AF7240045E010 /* Assets.xcassets */ = {isa = PBXFileReference; lastKnownFileType = folder.assetcatalog; path = Assets.xcassets; sourceTree = "<group>"; };
		FF94DE61233AF7240045E010 /* Base */ = {isa = PBXFileReference; lastKnownFileType = file.storyboard; name = Base; path = Base.lproj/LaunchScreen.storyboard; sourceTree = "<group>"; };
		FF94DE63233AF7240045E010 /* Info.plist */ = {isa = PBXFileReference; lastKnownFileType = text.plist.xml; path = Info.plist; sourceTree = "<group>"; };
		FFAC5F98233C3FC3001D4B62 /* ImageTableViewCell.swift */ = {isa = PBXFileReference; lastKnownFileType = sourcecode.swift; path = ImageTableViewCell.swift; sourceTree = "<group>"; };
		FFAC5F9B233C415E001D4B62 /* Scraper.swift */ = {isa = PBXFileReference; lastKnownFileType = sourcecode.swift; path = Scraper.swift; sourceTree = "<group>"; };
		FFAC5F9D233C5D21001D4B62 /* ImageVO.swift */ = {isa = PBXFileReference; lastKnownFileType = sourcecode.swift; path = ImageVO.swift; sourceTree = "<group>"; };
		FFAC5FA1233C618D001D4B62 /* ScrapListViewModel.swift */ = {isa = PBXFileReference; lastKnownFileType = sourcecode.swift; path = ScrapListViewModel.swift; sourceTree = "<group>"; };
		FFAC5FA3233C9059001D4B62 /* ScraperType.swift */ = {isa = PBXFileReference; lastKnownFileType = sourcecode.swift; path = ScraperType.swift; sourceTree = "<group>"; };
		FFAC5FA5233CA997001D4B62 /* SequenceDataViewModelType.swift */ = {isa = PBXFileReference; lastKnownFileType = sourcecode.swift; path = SequenceDataViewModelType.swift; sourceTree = "<group>"; };
		FFAD925B234196AE006E7C61 /* NetworkStatusViewModelType.swift */ = {isa = PBXFileReference; lastKnownFileType = sourcecode.swift; path = NetworkStatusViewModelType.swift; sourceTree = "<group>"; };
		FFAD925F23419AA7006E7C61 /* UIAlertController+Extension.swift */ = {isa = PBXFileReference; lastKnownFileType = sourcecode.swift; path = "UIAlertController+Extension.swift"; sourceTree = "<group>"; };
		FFC7597B23456D6B00A4495F /* LoaderType.swift */ = {isa = PBXFileReference; lastKnownFileType = sourcecode.swift; path = LoaderType.swift; sourceTree = "<group>"; };
		FFC7597F2345711500A4495F /* LoadCommandType.swift */ = {isa = PBXFileReference; lastKnownFileType = sourcecode.swift; path = LoadCommandType.swift; sourceTree = "<group>"; };
		FFC759812345734200A4495F /* DataVO.swift */ = {isa = PBXFileReference; lastKnownFileType = sourcecode.swift; path = DataVO.swift; sourceTree = "<group>"; };
		FFC759832345739F00A4495F /* SingleDataCommand.swift */ = {isa = PBXFileReference; lastKnownFileType = sourcecode.swift; path = SingleDataCommand.swift; sourceTree = "<group>"; };
		FFC75985234574B600A4495F /* Loader.swift */ = {isa = PBXFileReference; lastKnownFileType = sourcecode.swift; path = Loader.swift; sourceTree = "<group>"; };
		FFC759892345765200A4495F /* ImageDataLoadCommand.swift */ = {isa = PBXFileReference; lastKnownFileType = sourcecode.swift; path = ImageDataLoadCommand.swift; sourceTree = "<group>"; };
		FFC7598B234579A300A4495F /* CachedLoader.swift */ = {isa = PBXFileReference; lastKnownFileType = sourcecode.swift; path = CachedLoader.swift; sourceTree = "<group>"; };
		FFC7598D234579DB00A4495F /* LoaderCache.swift */ = {isa = PBXFileReference; lastKnownFileType = sourcecode.swift; path = LoaderCache.swift; sourceTree = "<group>"; };
		FFC759912345800A00A4495F /* SingleDataViewModelType.swift */ = {isa = PBXFileReference; lastKnownFileType = sourcecode.swift; path = SingleDataViewModelType.swift; sourceTree = "<group>"; };
		FFC759952345811800A4495F /* NetworkSingleDataViewModel.swift */ = {isa = PBXFileReference; lastKnownFileType = sourcecode.swift; path = NetworkSingleDataViewModel.swift; sourceTree = "<group>"; };
		FFD5086E234209B50048C804 /* README.md */ = {isa = PBXFileReference; fileEncoding = 4; lastKnownFileType = net.daringfireball.markdown; path = README.md; sourceTree = "<group>"; };
		FFEF8F42234641CC00A0B79F /* LoadDataViewModel.swift */ = {isa = PBXFileReference; lastKnownFileType = sourcecode.swift; path = LoadDataViewModel.swift; sourceTree = "<group>"; };
		FFEF8F442346DCB800A0B79F /* DataWrapper.swift */ = {isa = PBXFileReference; lastKnownFileType = sourcecode.swift; path = DataWrapper.swift; sourceTree = "<group>"; };
/* End PBXFileReference section */

/* Begin PBXFrameworksBuildPhase section */
		FF94DE4F233AF7200045E010 /* Frameworks */ = {
			isa = PBXFrameworksBuildPhase;
			buildActionMask = 2147483647;
			files = (
				240E8F853B84065B98C971C3 /* Pods_RacingImageViewer.framework in Frameworks */,
			);
			runOnlyForDeploymentPostprocessing = 0;
		};
/* End PBXFrameworksBuildPhase section */

/* Begin PBXGroup section */
		E3524076D84AFB5EFBF85F53 /* Frameworks */ = {
			isa = PBXGroup;
			children = (
				0BAF7A47C003F64AC8CA24B4 /* Pods_RacingImageViewer.framework */,
			);
			name = Frameworks;
			sourceTree = "<group>";
		};
		FC6E97469EAEC79BAAEEB89F /* Pods */ = {
			isa = PBXGroup;
			children = (
				FA6895B243F62691A7B90D1D /* Pods-RacingImageViewer.debug.xcconfig */,
				49DDBA2194B4685A53D2E52E /* Pods-RacingImageViewer.release.xcconfig */,
			);
			path = Pods;
			sourceTree = "<group>";
		};
		FF1430A2233DC3FF00226963 /* TableViewDelegate */ = {
			isa = PBXGroup;
			children = (
				FF1430A3233DC42600226963 /* SingleImageTableViewDelegate.swift */,
				FF1430A7233DCA7E00226963 /* SingleImageTableViewDatasource.swift */,
				FF1430A9233DCBB400226963 /* SingleImageTableViewDatasourcePrefetcing.swift */,
			);
			path = TableViewDelegate;
			sourceTree = "<group>";
		};
		FF1430AD233DEEE100226963 /* Protocol */ = {
			isa = PBXGroup;
			children = (
				FFAD925B234196AE006E7C61 /* NetworkStatusViewModelType.swift */,
				FFAC5FA5233CA997001D4B62 /* SequenceDataViewModelType.swift */,
				FFC759912345800A00A4495F /* SingleDataViewModelType.swift */,
			);
			path = Protocol;
			sourceTree = "<group>";
		};
		FF94DE49233AF7200045E010 = {
			isa = PBXGroup;
			children = (
				FFD5086E234209B50048C804 /* README.md */,
				FF94DE54233AF7200045E010 /* RacingImageViewer */,
				FF94DE53233AF7200045E010 /* Products */,
				FC6E97469EAEC79BAAEEB89F /* Pods */,
				E3524076D84AFB5EFBF85F53 /* Frameworks */,
			);
			sourceTree = "<group>";
		};
		FF94DE53233AF7200045E010 /* Products */ = {
			isa = PBXGroup;
			children = (
				FF94DE52233AF7200045E010 /* RacingImageViewer.app */,
			);
			name = Products;
			sourceTree = "<group>";
		};
		FF94DE54233AF7200045E010 /* RacingImageViewer */ = {
			isa = PBXGroup;
			children = (
				FFEFEF892342E50700E4164C /* Extension */,
				FFD5086C2342029D0048C804 /* Command */,
				FFD5086B234202890048C804 /* ViewModel */,
				FFAC5FAC233CF71F001D4B62 /* VO */,
				FFAC5FA7233CAB45001D4B62 /* Utility */,
				FFAC5F9A233C4116001D4B62 /* Model */,
				FFAC5F97233C3FA3001D4B62 /* TableViewCell */,
				FFAC5F95233C3E14001D4B62 /* View */,
				FF1430A2233DC3FF00226963 /* TableViewDelegate */,
				FF94DE55233AF7200045E010 /* AppDelegate.swift */,
				FF94DE5B233AF7200045E010 /* Main.storyboard */,
				FF94DE5E233AF7240045E010 /* Assets.xcassets */,
				FF94DE60233AF7240045E010 /* LaunchScreen.storyboard */,
				FF94DE63233AF7240045E010 /* Info.plist */,
			);
			path = RacingImageViewer;
			sourceTree = "<group>";
		};
		FFAC5F95233C3E14001D4B62 /* View */ = {
			isa = PBXGroup;
			children = (
				FF94DE59233AF7200045E010 /* SingleImageTableView.swift */,
			);
			path = View;
			sourceTree = "<group>";
		};
		FFAC5F97233C3FA3001D4B62 /* TableViewCell */ = {
			isa = PBXGroup;
			children = (
				FFAC5F98233C3FC3001D4B62 /* ImageTableViewCell.swift */,
			);
			path = TableViewCell;
			sourceTree = "<group>";
		};
		FFAC5F9A233C4116001D4B62 /* Model */ = {
			isa = PBXGroup;
			children = (
				FFAC5FA3233C9059001D4B62 /* ScraperType.swift */,
				FFAC5F9B233C415E001D4B62 /* Scraper.swift */,
				FFC7597B23456D6B00A4495F /* LoaderType.swift */,
				FFC75985234574B600A4495F /* Loader.swift */,
				FFC7598B234579A300A4495F /* CachedLoader.swift */,
			);
			path = Model;
			sourceTree = "<group>";
		};
		FFAC5FA7233CAB45001D4B62 /* Utility */ = {
			isa = PBXGroup;
			children = (
				FF14309E233D7EC900226963 /* DataCache.swift */,
				FFC7598D234579DB00A4495F /* LoaderCache.swift */,
			);
			path = Utility;
			sourceTree = "<group>";
		};
		FFAC5FAC233CF71F001D4B62 /* VO */ = {
			isa = PBXGroup;
			children = (
				FFAC5F9D233C5D21001D4B62 /* ImageVO.swift */,
				FF5992782343225900526339 /* VO.swift */,
				FFC759812345734200A4495F /* DataVO.swift */,
				FFEF8F442346DCB800A0B79F /* DataWrapper.swift */,
			);
			path = VO;
			sourceTree = "<group>";
		};
		FFC7597E234570E800A4495F /* Protocol */ = {
			isa = PBXGroup;
			children = (
				FF1430AB233DEE7D00226963 /* ScrapCommandType.swift */,
				FFC7597F2345711500A4495F /* LoadCommandType.swift */,
			);
			path = Protocol;
			sourceTree = "<group>";
		};
		FFC759882345763700A4495F /* Abstract */ = {
			isa = PBXGroup;
			children = (
				FFC759832345739F00A4495F /* SingleDataCommand.swift */,
				FF1430AF233DEFC700226963 /* SequenceDataCommand.swift */,
			);
			path = Abstract;
			sourceTree = "<group>";
		};
		FFC7599023457EFA00A4495F /* Abstract */ = {
			isa = PBXGroup;
			children = (
				FF1430A5233DC6CC00226963 /* NetworkSequenceViewModel.swift */,
				FFC759952345811800A4495F /* NetworkSingleDataViewModel.swift */,
			);
			path = Abstract;
			sourceTree = "<group>";
		};
		FFD5086B234202890048C804 /* ViewModel */ = {
			isa = PBXGroup;
			children = (
				FFC7599023457EFA00A4495F /* Abstract */,
				FF1430AD233DEEE100226963 /* Protocol */,
				FFAC5FA1233C618D001D4B62 /* ScrapListViewModel.swift */,
				FFEF8F42234641CC00A0B79F /* LoadDataViewModel.swift */,
			);
			path = ViewModel;
			sourceTree = "<group>";
		};
		FFD5086C2342029D0048C804 /* Command */ = {
			isa = PBXGroup;
			children = (
				FFC759882345763700A4495F /* Abstract */,
				FFC7597E234570E800A4495F /* Protocol */,
				FF1430B2233DF25D00226963 /* GIGCollectionScrapingCommand.swift */,
				FFC759892345765200A4495F /* ImageDataLoadCommand.swift */,
			);
			path = Command;
			sourceTree = "<group>";
		};
		FFEFEF892342E50700E4164C /* Extension */ = {
			isa = PBXGroup;
			children = (
				FFAD925F23419AA7006E7C61 /* UIAlertController+Extension.swift */,
			);
			path = Extension;
			sourceTree = "<group>";
		};
/* End PBXGroup section */

/* Begin PBXNativeTarget section */
		FF94DE51233AF7200045E010 /* RacingImageViewer */ = {
			isa = PBXNativeTarget;
			buildConfigurationList = FF94DE66233AF7240045E010 /* Build configuration list for PBXNativeTarget "RacingImageViewer" */;
			buildPhases = (
				BB128C0B060BCAFDD079CE4D /* [CP] Check Pods Manifest.lock */,
				FF94DE4E233AF7200045E010 /* Sources */,
				FF94DE4F233AF7200045E010 /* Frameworks */,
				FF94DE50233AF7200045E010 /* Resources */,
				D2593A5D117C775014E86F47 /* [CP] Embed Pods Frameworks */,
			);
			buildRules = (
			);
			dependencies = (
			);
			name = RacingImageViewer;
			productName = RacingImageViewer;
			productReference = FF94DE52233AF7200045E010 /* RacingImageViewer.app */;
			productType = "com.apple.product-type.application";
		};
/* End PBXNativeTarget section */

/* Begin PBXProject section */
		FF94DE4A233AF7200045E010 /* Project object */ = {
			isa = PBXProject;
			attributes = {
				LastSwiftUpdateCheck = 1100;
				LastUpgradeCheck = 1100;
				ORGANIZATIONNAME = "조수환";
				TargetAttributes = {
					FF94DE51233AF7200045E010 = {
						CreatedOnToolsVersion = 11.0;
					};
				};
			};
			buildConfigurationList = FF94DE4D233AF7200045E010 /* Build configuration list for PBXProject "RacingImageViewer" */;
			compatibilityVersion = "Xcode 9.3";
			developmentRegion = en;
			hasScannedForEncodings = 0;
			knownRegions = (
				en,
				Base,
			);
			mainGroup = FF94DE49233AF7200045E010;
			productRefGroup = FF94DE53233AF7200045E010 /* Products */;
			projectDirPath = "";
			projectRoot = "";
			targets = (
				FF94DE51233AF7200045E010 /* RacingImageViewer */,
			);
		};
/* End PBXProject section */

/* Begin PBXResourcesBuildPhase section */
		FF94DE50233AF7200045E010 /* Resources */ = {
			isa = PBXResourcesBuildPhase;
			buildActionMask = 2147483647;
			files = (
				FF94DE62233AF7240045E010 /* LaunchScreen.storyboard in Resources */,
				FF94DE5F233AF7240045E010 /* Assets.xcassets in Resources */,
				FFD5086F234209B50048C804 /* README.md in Resources */,
				FF94DE5D233AF7200045E010 /* Main.storyboard in Resources */,
			);
			runOnlyForDeploymentPostprocessing = 0;
		};
/* End PBXResourcesBuildPhase section */

/* Begin PBXShellScriptBuildPhase section */
		BB128C0B060BCAFDD079CE4D /* [CP] Check Pods Manifest.lock */ = {
			isa = PBXShellScriptBuildPhase;
			buildActionMask = 2147483647;
			files = (
			);
			inputFileListPaths = (
			);
			inputPaths = (
				"${PODS_PODFILE_DIR_PATH}/Podfile.lock",
				"${PODS_ROOT}/Manifest.lock",
			);
			name = "[CP] Check Pods Manifest.lock";
			outputFileListPaths = (
			);
			outputPaths = (
				"$(DERIVED_FILE_DIR)/Pods-RacingImageViewer-checkManifestLockResult.txt",
			);
			runOnlyForDeploymentPostprocessing = 0;
			shellPath = /bin/sh;
			shellScript = "diff \"${PODS_PODFILE_DIR_PATH}/Podfile.lock\" \"${PODS_ROOT}/Manifest.lock\" > /dev/null\nif [ $? != 0 ] ; then\n    # print error to STDERR\n    echo \"error: The sandbox is not in sync with the Podfile.lock. Run 'pod install' or update your CocoaPods installation.\" >&2\n    exit 1\nfi\n# This output is used by Xcode 'outputs' to avoid re-running this script phase.\necho \"SUCCESS\" > \"${SCRIPT_OUTPUT_FILE_0}\"\n";
			showEnvVarsInLog = 0;
		};
		D2593A5D117C775014E86F47 /* [CP] Embed Pods Frameworks */ = {
			isa = PBXShellScriptBuildPhase;
			buildActionMask = 2147483647;
			files = (
			);
			inputFileListPaths = (
				"${PODS_ROOT}/Target Support Files/Pods-RacingImageViewer/Pods-RacingImageViewer-frameworks-${CONFIGURATION}-input-files.xcfilelist",
			);
			name = "[CP] Embed Pods Frameworks";
			outputFileListPaths = (
				"${PODS_ROOT}/Target Support Files/Pods-RacingImageViewer/Pods-RacingImageViewer-frameworks-${CONFIGURATION}-output-files.xcfilelist",
			);
			runOnlyForDeploymentPostprocessing = 0;
			shellPath = /bin/sh;
			shellScript = "\"${PODS_ROOT}/Target Support Files/Pods-RacingImageViewer/Pods-RacingImageViewer-frameworks.sh\"\n";
			showEnvVarsInLog = 0;
		};
/* End PBXShellScriptBuildPhase section */

/* Begin PBXSourcesBuildPhase section */
		FF94DE4E233AF7200045E010 /* Sources */ = {
			isa = PBXSourcesBuildPhase;
			buildActionMask = 2147483647;
			files = (
				FF1430A6233DC6CC00226963 /* NetworkSequenceViewModel.swift in Sources */,
				FF1430A8233DCA7E00226963 /* SingleImageTableViewDatasource.swift in Sources */,
				FF94DE5A233AF7200045E010 /* SingleImageTableView.swift in Sources */,
				FFC759822345734200A4495F /* DataVO.swift in Sources */,
				FFC7597C23456D6B00A4495F /* LoaderType.swift in Sources */,
				FFAC5FA2233C618D001D4B62 /* ScrapListViewModel.swift in Sources */,
				FFC75986234574B600A4495F /* Loader.swift in Sources */,
				FFAD925C234196AE006E7C61 /* NetworkStatusViewModelType.swift in Sources */,
				FFC759962345811800A4495F /* NetworkSingleDataViewModel.swift in Sources */,
				FFC759802345711500A4495F /* LoadCommandType.swift in Sources */,
				FFAC5FA6233CA997001D4B62 /* SequenceDataViewModelType.swift in Sources */,
				FFAC5F9E233C5D21001D4B62 /* ImageVO.swift in Sources */,
				FFC7598C234579A300A4495F /* CachedLoader.swift in Sources */,
				FF14309F233D7EC900226963 /* DataCache.swift in Sources */,
				FF1430B0233DEFC700226963 /* SequenceDataCommand.swift in Sources */,
				FFAC5F99233C3FC3001D4B62 /* ImageTableViewCell.swift in Sources */,
				FFAC5FA4233C9059001D4B62 /* ScraperType.swift in Sources */,
				FF1430AC233DEE7D00226963 /* ScrapCommandType.swift in Sources */,
				FFEF8F43234641CC00A0B79F /* LoadDataViewModel.swift in Sources */,
				FFC75984234573A000A4495F /* SingleDataCommand.swift in Sources */,
				FFEF8F452346DCB800A0B79F /* DataWrapper.swift in Sources */,
				FFAD926023419AA7006E7C61 /* UIAlertController+Extension.swift in Sources */,
				FFC759922345800A00A4495F /* SingleDataViewModelType.swift in Sources */,
				FFC7598E234579DB00A4495F /* LoaderCache.swift in Sources */,
				FFAC5F9C233C415E001D4B62 /* Scraper.swift in Sources */,
				FF1430AA233DCBB400226963 /* SingleImageTableViewDatasourcePrefetcing.swift in Sources */,
				FF5992792343225900526339 /* VO.swift in Sources */,
				FF94DE56233AF7200045E010 /* AppDelegate.swift in Sources */,
				FF1430A4233DC42600226963 /* SingleImageTableViewDelegate.swift in Sources */,
				FF1430B3233DF25D00226963 /* GIGCollectionScrapingCommand.swift in Sources */,
				FFC7598A2345765200A4495F /* ImageDataLoadCommand.swift in Sources */,
			);
			runOnlyForDeploymentPostprocessing = 0;
		};
/* End PBXSourcesBuildPhase section */

/* Begin PBXVariantGroup section */
		FF94DE5B233AF7200045E010 /* Main.storyboard */ = {
			isa = PBXVariantGroup;
			children = (
				FF94DE5C233AF7200045E010 /* Base */,
			);
			name = Main.storyboard;
			sourceTree = "<group>";
		};
		FF94DE60233AF7240045E010 /* LaunchScreen.storyboard */ = {
			isa = PBXVariantGroup;
			children = (
				FF94DE61233AF7240045E010 /* Base */,
			);
			name = LaunchScreen.storyboard;
			sourceTree = "<group>";
		};
/* End PBXVariantGroup section */

/* Begin XCBuildConfiguration section */
		FF94DE64233AF7240045E010 /* Debug */ = {
			isa = XCBuildConfiguration;
			buildSettings = {
				ALWAYS_SEARCH_USER_PATHS = NO;
				CLANG_ANALYZER_NONNULL = YES;
				CLANG_ANALYZER_NUMBER_OBJECT_CONVERSION = YES_AGGRESSIVE;
				CLANG_CXX_LANGUAGE_STANDARD = "gnu++14";
				CLANG_CXX_LIBRARY = "libc++";
				CLANG_ENABLE_MODULES = YES;
				CLANG_ENABLE_OBJC_ARC = YES;
				CLANG_ENABLE_OBJC_WEAK = YES;
				CLANG_WARN_BLOCK_CAPTURE_AUTORELEASING = YES;
				CLANG_WARN_BOOL_CONVERSION = YES;
				CLANG_WARN_COMMA = YES;
				CLANG_WARN_CONSTANT_CONVERSION = YES;
				CLANG_WARN_DEPRECATED_OBJC_IMPLEMENTATIONS = YES;
				CLANG_WARN_DIRECT_OBJC_ISA_USAGE = YES_ERROR;
				CLANG_WARN_DOCUMENTATION_COMMENTS = YES;
				CLANG_WARN_EMPTY_BODY = YES;
				CLANG_WARN_ENUM_CONVERSION = YES;
				CLANG_WARN_INFINITE_RECURSION = YES;
				CLANG_WARN_INT_CONVERSION = YES;
				CLANG_WARN_NON_LITERAL_NULL_CONVERSION = YES;
				CLANG_WARN_OBJC_IMPLICIT_RETAIN_SELF = YES;
				CLANG_WARN_OBJC_LITERAL_CONVERSION = YES;
				CLANG_WARN_OBJC_ROOT_CLASS = YES_ERROR;
				CLANG_WARN_RANGE_LOOP_ANALYSIS = YES;
				CLANG_WARN_STRICT_PROTOTYPES = YES;
				CLANG_WARN_SUSPICIOUS_MOVE = YES;
				CLANG_WARN_UNGUARDED_AVAILABILITY = YES_AGGRESSIVE;
				CLANG_WARN_UNREACHABLE_CODE = YES;
				CLANG_WARN__DUPLICATE_METHOD_MATCH = YES;
				COPY_PHASE_STRIP = NO;
				DEBUG_INFORMATION_FORMAT = dwarf;
				ENABLE_STRICT_OBJC_MSGSEND = YES;
				ENABLE_TESTABILITY = YES;
				GCC_C_LANGUAGE_STANDARD = gnu11;
				GCC_DYNAMIC_NO_PIC = NO;
				GCC_NO_COMMON_BLOCKS = YES;
				GCC_OPTIMIZATION_LEVEL = 0;
				GCC_PREPROCESSOR_DEFINITIONS = (
					"DEBUG=1",
					"$(inherited)",
				);
				GCC_WARN_64_TO_32_BIT_CONVERSION = YES;
				GCC_WARN_ABOUT_RETURN_TYPE = YES_ERROR;
				GCC_WARN_UNDECLARED_SELECTOR = YES;
				GCC_WARN_UNINITIALIZED_AUTOS = YES_AGGRESSIVE;
				GCC_WARN_UNUSED_FUNCTION = YES;
				GCC_WARN_UNUSED_VARIABLE = YES;
				IPHONEOS_DEPLOYMENT_TARGET = 13.0;
				MTL_ENABLE_DEBUG_INFO = INCLUDE_SOURCE;
				MTL_FAST_MATH = YES;
				ONLY_ACTIVE_ARCH = YES;
				SDKROOT = iphoneos;
				SWIFT_ACTIVE_COMPILATION_CONDITIONS = DEBUG;
				SWIFT_OPTIMIZATION_LEVEL = "-Onone";
			};
			name = Debug;
		};
		FF94DE65233AF7240045E010 /* Release */ = {
			isa = XCBuildConfiguration;
			buildSettings = {
				ALWAYS_SEARCH_USER_PATHS = NO;
				CLANG_ANALYZER_NONNULL = YES;
				CLANG_ANALYZER_NUMBER_OBJECT_CONVERSION = YES_AGGRESSIVE;
				CLANG_CXX_LANGUAGE_STANDARD = "gnu++14";
				CLANG_CXX_LIBRARY = "libc++";
				CLANG_ENABLE_MODULES = YES;
				CLANG_ENABLE_OBJC_ARC = YES;
				CLANG_ENABLE_OBJC_WEAK = YES;
				CLANG_WARN_BLOCK_CAPTURE_AUTORELEASING = YES;
				CLANG_WARN_BOOL_CONVERSION = YES;
				CLANG_WARN_COMMA = YES;
				CLANG_WARN_CONSTANT_CONVERSION = YES;
				CLANG_WARN_DEPRECATED_OBJC_IMPLEMENTATIONS = YES;
				CLANG_WARN_DIRECT_OBJC_ISA_USAGE = YES_ERROR;
				CLANG_WARN_DOCUMENTATION_COMMENTS = YES;
				CLANG_WARN_EMPTY_BODY = YES;
				CLANG_WARN_ENUM_CONVERSION = YES;
				CLANG_WARN_INFINITE_RECURSION = YES;
				CLANG_WARN_INT_CONVERSION = YES;
				CLANG_WARN_NON_LITERAL_NULL_CONVERSION = YES;
				CLANG_WARN_OBJC_IMPLICIT_RETAIN_SELF = YES;
				CLANG_WARN_OBJC_LITERAL_CONVERSION = YES;
				CLANG_WARN_OBJC_ROOT_CLASS = YES_ERROR;
				CLANG_WARN_RANGE_LOOP_ANALYSIS = YES;
				CLANG_WARN_STRICT_PROTOTYPES = YES;
				CLANG_WARN_SUSPICIOUS_MOVE = YES;
				CLANG_WARN_UNGUARDED_AVAILABILITY = YES_AGGRESSIVE;
				CLANG_WARN_UNREACHABLE_CODE = YES;
				CLANG_WARN__DUPLICATE_METHOD_MATCH = YES;
				COPY_PHASE_STRIP = NO;
				DEBUG_INFORMATION_FORMAT = "dwarf-with-dsym";
				ENABLE_NS_ASSERTIONS = NO;
				ENABLE_STRICT_OBJC_MSGSEND = YES;
				GCC_C_LANGUAGE_STANDARD = gnu11;
				GCC_NO_COMMON_BLOCKS = YES;
				GCC_WARN_64_TO_32_BIT_CONVERSION = YES;
				GCC_WARN_ABOUT_RETURN_TYPE = YES_ERROR;
				GCC_WARN_UNDECLARED_SELECTOR = YES;
				GCC_WARN_UNINITIALIZED_AUTOS = YES_AGGRESSIVE;
				GCC_WARN_UNUSED_FUNCTION = YES;
				GCC_WARN_UNUSED_VARIABLE = YES;
				IPHONEOS_DEPLOYMENT_TARGET = 13.0;
				MTL_ENABLE_DEBUG_INFO = NO;
				MTL_FAST_MATH = YES;
				SDKROOT = iphoneos;
				SWIFT_COMPILATION_MODE = wholemodule;
				SWIFT_OPTIMIZATION_LEVEL = "-O";
				VALIDATE_PRODUCT = YES;
			};
			name = Release;
		};
		FF94DE67233AF7240045E010 /* Debug */ = {
			isa = XCBuildConfiguration;
			baseConfigurationReference = FA6895B243F62691A7B90D1D /* Pods-RacingImageViewer.debug.xcconfig */;
			buildSettings = {
				ASSETCATALOG_COMPILER_APPICON_NAME = AppIcon;
				CODE_SIGN_STYLE = Automatic;
				DEVELOPMENT_TEAM = TNJ2M3BZTY;
				INFOPLIST_FILE = RacingImageViewer/Info.plist;
				LD_RUNPATH_SEARCH_PATHS = (
					"$(inherited)",
					"@executable_path/Frameworks",
				);
				PRODUCT_BUNDLE_IDENTIFIER = SoohwanCho.RacingImageViewer;
				PRODUCT_NAME = "$(TARGET_NAME)";
				SWIFT_VERSION = 5.0;
				TARGETED_DEVICE_FAMILY = "1,2";
			};
			name = Debug;
		};
		FF94DE68233AF7240045E010 /* Release */ = {
			isa = XCBuildConfiguration;
			baseConfigurationReference = 49DDBA2194B4685A53D2E52E /* Pods-RacingImageViewer.release.xcconfig */;
			buildSettings = {
				ASSETCATALOG_COMPILER_APPICON_NAME = AppIcon;
				CODE_SIGN_STYLE = Automatic;
				DEVELOPMENT_TEAM = TNJ2M3BZTY;
				INFOPLIST_FILE = RacingImageViewer/Info.plist;
				LD_RUNPATH_SEARCH_PATHS = (
					"$(inherited)",
					"@executable_path/Frameworks",
				);
				PRODUCT_BUNDLE_IDENTIFIER = SoohwanCho.RacingImageViewer;
				PRODUCT_NAME = "$(TARGET_NAME)";
				SWIFT_VERSION = 5.0;
				TARGETED_DEVICE_FAMILY = "1,2";
			};
			name = Release;
		};
/* End XCBuildConfiguration section */

/* Begin XCConfigurationList section */
		FF94DE4D233AF7200045E010 /* Build configuration list for PBXProject "RacingImageViewer" */ = {
			isa = XCConfigurationList;
			buildConfigurations = (
				FF94DE64233AF7240045E010 /* Debug */,
				FF94DE65233AF7240045E010 /* Release */,
			);
			defaultConfigurationIsVisible = 0;
			defaultConfigurationName = Release;
		};
		FF94DE66233AF7240045E010 /* Build configuration list for PBXNativeTarget "RacingImageViewer" */ = {
			isa = XCConfigurationList;
			buildConfigurations = (
				FF94DE67233AF7240045E010 /* Debug */,
				FF94DE68233AF7240045E010 /* Release */,
			);
			defaultConfigurationIsVisible = 0;
			defaultConfigurationName = Release;
		};
/* End XCConfigurationList section */
	};
	rootObject = FF94DE4A233AF7200045E010 /* Project object */;
}
